id: mimo_ofdm_jrc_ndp_generator
label: ndp_generator
category: '[MIMO OFDM JRC]'

templates:
  imports: import mimo_ofdm_jrc
  make: mimo_ofdm_jrc.ndp_generator()

#  Make one 'parameters' list entry for every parameter you want settable from the GUI.
#     Keys include:
#     * id (makes the value accessible as \$keyname, e.g. in the make entry)
#     * label (label shown in the GUI)
#     * dtype (e.g. int, float, complex, byte, short, xxx_vector, ...)
parameters: []

inputs:
  - label: enable
    domain: message
    id: enable
    dtype: int

outputs:
  - label: out
    domain: message
    id: out
    dtype: pdu

#  'file_format' specifies the version of the GRC yml format used in the file
#  and should usually not be changed.
file_format: 1
